
Microsoft Visual Studio Solution File, Format Version 12.00
# Visual Studio Version 18
VisualStudioVersion = 18.4.11605.240 stable
MinimumVisualStudioVersion = 10.0.40219.1
Project("{FAE04EC0-301F-11D3-BF4B-00C04F79EFBC}") = "Tree Position Fix", "Tree Position Fix.csproj", "{5EB1145F-DED6-0894-E979-3EC20AA553CC}"
EndProject
Global
	GlobalSection(SolutionConfigurationPlatforms) = preSolution
		Debug|Any CPU = Debug|Any CPU
		Release|Any CPU = Release|Any CPU
	EndGlobalSection
	GlobalSection(ProjectConfigurationPlatforms) = postSolution
		{5EB1145F-DED6-0894-E979-3EC20AA553CC}.Debug|Any CPU.ActiveCfg = Debug|Any CPU
		{5EB1145F-DED6-0894-E979-3EC20AA553CC}.Debug|Any CPU.Build.0 = Debug|Any CPU
		{5EB1145F-DED6-0894-E979-3EC20AA553CC}.Release|Any CPU.ActiveCfg = Release|Any CPU
		{5EB1145F-DED6-0894-E979-3EC20AA553CC}.Release|Any CPU.Build.0 = Release|Any CPU
	EndGlobalSection
	GlobalSection(SolutionProperties) = preSolution
		HideSolutionNode = FALSE
	EndGlobalSection
	GlobalSection(ExtensibilityGlobals) = postSolution
		SolutionGuid = {BB94064F-5D48-4102-958C-EAF73B7A6A43}
	EndGlobalSection
EndGlobal
